{
    "_readme": [
        "This file locks the dependencies of your project to a known state",
        "Read more about it at https://getcomposer.org/doc/01-basic-usage.md#composer-lock-the-lock-file",
        "This file is @generated automatically"
    ],
    "content-hash": "1129616fb37abc557c2052781dc99045",
    "packages": [
        {
            "name": "icehawk/icehawk",
            "version": "v2.2.0",
            "source": {
                "type": "git",
                "url": "https://github.com/icehawk/icehawk.git",
                "reference": "54f1648b398c36850ab315448e4cafa2d695050b"
            },
            "dist": {
                "type": "zip",
                "url": "https://api.github.com/repos/icehawk/icehawk/zipball/54f1648b398c36850ab315448e4cafa2d695050b",
                "reference": "54f1648b398c36850ab315448e4cafa2d695050b",
                "shasum": ""
            },
            "require": {
                "ext-fileinfo": "*",
                "php": ">=7.0"
            },
            "require-dev": {
                "ext-xdebug": "*",
                "tm/tooly-composer-script": "^1.0"
            },
            "type": "library",
            "extra": {
                "tools": {
                    "phpunit": {
                        "url": "https://phar.phpunit.de/phpunit-6.3.0.phar",
                        "only-dev": true
                    },
                    "phpdox": {
                        "url": "https://github.com/theseer/phpdox/releases/download/0.10.1/phpdox-0.10.1.phar",
                        "only-dev": true
                    },
                    "coveralls": {
                        "url": "https://github.com/satooshi/php-coveralls/releases/download/v1.0.1/coveralls.phar",
                        "only-dev": true
                    },
                    "phpmetrics": {
                        "url": "https://github.com/phpmetrics/PhpMetrics/releases/download/v2.2.0/phpmetrics.phar",
                        "only-dev": true
                    }
                }
            },
            "autoload": {
                "psr-4": {
                    "IceHawk\\IceHawk\\": "src/"
                }
            },
            "notification-url": "https://packagist.org/downloads/",
            "license": [
                "MIT"
            ],
            "authors": [
                {
                    "name": "Holger Woltersdorf",
                    "email": "hw@hollo.me"
                },
                {
                    "name": "Tobias Mißner",
                    "email": "tobias.missner@fortuneglobe.com"
                },
                {
                    "name": "Benjamin Bruska",
                    "email": "benjamin.bruska@fortuneglobe.com"
                }
            ],
            "description": "Lightweight PHP routing framework, respecting CQRS",
            "time": "2017-09-01T20:29:49+00:00"
        },
        {
            "name": "twig/twig",
            "version": "v1.30.0",
            "source": {
                "type": "git",
                "url": "https://github.com/twigphp/Twig.git",
                "reference": "c6ff71094fde15d12398eaba029434b013dc5e59"
            },
            "dist": {
                "type": "zip",
                "url": "https://api.github.com/repos/twigphp/Twig/zipball/c6ff71094fde15d12398eaba029434b013dc5e59",
                "reference": "c6ff71094fde15d12398eaba029434b013dc5e59",
                "shasum": ""
            },
            "require": {
                "php": ">=5.2.7"
            },
            "require-dev": {
                "symfony/debug": "~2.7",
                "symfony/phpunit-bridge": "~3.2@dev"
            },
            "type": "library",
            "extra": {
                "branch-alias": {
                    "dev-master": "1.30-dev"
                }
            },
            "autoload": {
                "psr-0": {
                    "Twig_": "lib/"
                }
            },
            "notification-url": "https://packagist.org/downloads/",
            "license": [
                "BSD-3-Clause"
            ],
            "authors": [
                {
                    "name": "Fabien Potencier",
                    "email": "fabien@symfony.com",
                    "homepage": "http://fabien.potencier.org",
                    "role": "Lead Developer"
                },
                {
                    "name": "Armin Ronacher",
                    "email": "armin.ronacher@active-4.com",
                    "role": "Project Founder"
                },
                {
                    "name": "Twig Team",
                    "homepage": "http://twig.sensiolabs.org/contributors",
                    "role": "Contributors"
                }
            ],
            "description": "Twig, the flexible, fast, and secure template language for PHP",
            "homepage": "http://twig.sensiolabs.org",
            "keywords": [
                "templating"
            ],
            "time": "2016-12-23T11:06:22+00:00"
        }
    ],
    "packages-dev": [],
    "aliases": [],
    "minimum-stability": "dev",
    "stability-flags": [],
    "prefer-stable": true,
    "prefer-lowest": false,
    "platform": {
        "php": ">=5.5",
        "ext-redis": "*"
    },
    "platform-dev": []
}
